speakeasyVersion: 1.561.0
sources:
    Analyze API (Beta):
        sourceNamespace: analyze-api
        sourceRevisionDigest: sha256:c5eaac5133fe2825895c06fb0dc50d8f46fd3657fc4aeda9ffa492c755efb1ee
        sourceBlobDigest: sha256:59c600a6e3404a529ff8de08a401719e928e90d8a5a6b0e60f1ab88ae541a073
        tags:
            - latest
            - speakeasy-sdk-regen-1749759573
            - 0.2.0
targets:
    analysis-js:
        source: Analyze API (Beta)
        sourceNamespace: analyze-api
        sourceRevisionDigest: sha256:c5eaac5133fe2825895c06fb0dc50d8f46fd3657fc4aeda9ffa492c755efb1ee
        sourceBlobDigest: sha256:59c600a6e3404a529ff8de08a401719e928e90d8a5a6b0e60f1ab88ae541a073
        codeSamplesNamespace: analyze-api-typescript-code-samples
        codeSamplesRevisionDigest: sha256:41ddae1cfe5c0b5be00531138e27511ecd38870c8ed28b1bb49c483bbbf88c10
workflow:
    workflowVersion: 1.0.0
    speakeasyVersion: latest
    sources:
        Analyze API (Beta):
            inputs:
                - location: https://cloudinary.github.io/api-schemas/analysis/schema.yml
            overlays:
                - location: https://cloudinary.github.io/api-schemas/overlays/security-scheme-cloud-overlay.yaml
                - location: https://cloudinary.github.io/api-schemas/analysis/overlays/modifications-overlay.yaml
                - location: https://cloudinary.github.io/api-schemas/analysis/overlays/name-modifications-overlay.yaml
                - location: https://cloudinary.github.io/api-schemas/analysis/overlays/source-modifications-overlay.yaml
            registry:
                location: registry.speakeasyapi.dev/cloudinary/cloudinary/analyze-api
    targets:
        analysis-js:
            target: typescript
            source: Analyze API (Beta)
            publish:
                npm:
                    token: $npm_token
            codeSamples:
                registry:
                    location: registry.speakeasyapi.dev/cloudinary/cloudinary/analyze-api-typescript-code-samples
                labelOverride:
                    fixedValue: Typescript (SDK)
                blocking: false
