speakeasyVersion: 1.563.4
sources:
    Analyze API (Beta):
        sourceNamespace: analyze-api
        sourceRevisionDigest: sha256:96828b8f7bdefca99adb3143b31915451b4fdbeb72da437a2771486ae0ff747f
        sourceBlobDigest: sha256:59c600a6e3404a529ff8de08a401719e928e90d8a5a6b0e60f1ab88ae541a073
        tags:
            - latest
            - speakeasy-sdk-regen-1750158107
            - 0.2.0
targets:
    analysis-js:
        source: Analyze API (Beta)
        sourceNamespace: analyze-api
        sourceRevisionDigest: sha256:96828b8f7bdefca99adb3143b31915451b4fdbeb72da437a2771486ae0ff747f
        sourceBlobDigest: sha256:59c600a6e3404a529ff8de08a401719e928e90d8a5a6b0e60f1ab88ae541a073
        codeSamplesNamespace: analyze-api-typescript-code-samples
        codeSamplesRevisionDigest: sha256:be5201ff0ba8ac8557357184ef27b3052363495dda1117e0672ebec998624aad
workflow:
    workflowVersion: 1.0.0
    speakeasyVersion: latest
    sources:
        Analyze API (Beta):
            inputs:
                - location: https://cloudinary.github.io/api-schemas/analysis/schema.yml
            overlays:
                - location: https://cloudinary.github.io/api-schemas/overlays/security-scheme-cloud-overlay.yaml
                - location: https://cloudinary.github.io/api-schemas/analysis/overlays/modifications-overlay.yaml
                - location: https://cloudinary.github.io/api-schemas/analysis/overlays/name-modifications-overlay.yaml
                - location: https://cloudinary.github.io/api-schemas/analysis/overlays/source-modifications-overlay.yaml
            registry:
                location: registry.speakeasyapi.dev/cloudinary/cloudinary/analyze-api
    targets:
        analysis-js:
            target: typescript
            source: Analyze API (Beta)
            publish:
                npm:
                    token: $npm_token
            codeSamples:
                registry:
                    location: registry.speakeasyapi.dev/cloudinary/cloudinary/analyze-api-typescript-code-samples
                labelOverride:
                    fixedValue: Typescript (SDK)
                blocking: false
